
Microsoft Visual Studio Solution File, Format Version 12.00
# Visual Studio Version 17
VisualStudioVersion = 17.8.34316.72
MinimumVisualStudioVersion = 10.0.40219.1
Project("{FAE04EC0-301F-11D3-BF4B-00C04F79EFBC}") = "Expenses.Web", "Expenses.Web\Expenses.Web.csproj", "{B1505F53-D7AE-490E-B581-2501989F1F32}"
EndProject
Project("{FAE04EC0-301F-11D3-BF4B-00C04F79EFBC}") = "Expenses.Models", "Expenses.Models\Expenses.Models.csproj", "{64A78FD4-8E4A-4517-B474-680866BC2B2F}"
EndProject
Project("{FAE04EC0-301F-11D3-BF4B-00C04F79EFBC}") = "Expenses.DataAccess", "Expenses.DataAccess\Expenses.DataAccess.csproj", "{9A086181-AADE-4692-950E-5718315D1BB3}"
EndProject
Global
	GlobalSection(SolutionConfigurationPlatforms) = preSolution
		Debug|Any CPU = Debug|Any CPU
		Release|Any CPU = Release|Any CPU
	EndGlobalSection
	GlobalSection(ProjectConfigurationPlatforms) = postSolution
		{B1505F53-D7AE-490E-B581-2501989F1F32}.Debug|Any CPU.ActiveCfg = Debug|Any CPU
		{B1505F53-D7AE-490E-B581-2501989F1F32}.Debug|Any CPU.Build.0 = Debug|Any CPU
		{B1505F53-D7AE-490E-B581-2501989F1F32}.Release|Any CPU.ActiveCfg = Release|Any CPU
		{B1505F53-D7AE-490E-B581-2501989F1F32}.Release|Any CPU.Build.0 = Release|Any CPU
		{64A78FD4-8E4A-4517-B474-680866BC2B2F}.Debug|Any CPU.ActiveCfg = Debug|Any CPU
		{64A78FD4-8E4A-4517-B474-680866BC2B2F}.Debug|Any CPU.Build.0 = Debug|Any CPU
		{64A78FD4-8E4A-4517-B474-680866BC2B2F}.Release|Any CPU.ActiveCfg = Release|Any CPU
		{64A78FD4-8E4A-4517-B474-680866BC2B2F}.Release|Any CPU.Build.0 = Release|Any CPU
		{9A086181-AADE-4692-950E-5718315D1BB3}.Debug|Any CPU.ActiveCfg = Debug|Any CPU
		{9A086181-AADE-4692-950E-5718315D1BB3}.Debug|Any CPU.Build.0 = Debug|Any CPU
		{9A086181-AADE-4692-950E-5718315D1BB3}.Release|Any CPU.ActiveCfg = Release|Any CPU
		{9A086181-AADE-4692-950E-5718315D1BB3}.Release|Any CPU.Build.0 = Release|Any CPU
	EndGlobalSection
	GlobalSection(SolutionProperties) = preSolution
		HideSolutionNode = FALSE
	EndGlobalSection
	GlobalSection(ExtensibilityGlobals) = postSolution
		SolutionGuid = {FE36C7A3-CF2C-4814-90FA-D8F229C43831}
	EndGlobalSection
EndGlobal
